
Microsoft Visual Studio Solution File, Format Version 12.00
Project("{FAE04EC0-301F-11D3-BF4B-00C04F79EFBC}") = "kozlov-ae.ru", "kozlov-ae.ru\kozlov-ae.ru.csproj", "{6A275B95-9FAF-4170-9B7A-C719C5A6F7F0}"
EndProject
Global
	GlobalSection(SolutionConfigurationPlatforms) = preSolution
		Debug|Any CPU = Debug|Any CPU
		Release|Any CPU = Release|Any CPU
	EndGlobalSection
	GlobalSection(ProjectConfigurationPlatforms) = postSolution
		{6A275B95-9FAF-4170-9B7A-C719C5A6F7F0}.Debug|Any CPU.ActiveCfg = Debug|Any CPU
		{6A275B95-9FAF-4170-9B7A-C719C5A6F7F0}.Debug|Any CPU.Build.0 = Debug|Any CPU
		{6A275B95-9FAF-4170-9B7A-C719C5A6F7F0}.Release|Any CPU.ActiveCfg = Release|Any CPU
		{6A275B95-9FAF-4170-9B7A-C719C5A6F7F0}.Release|Any CPU.Build.0 = Release|Any CPU
	EndGlobalSection
EndGlobal
